
Microsoft Visual Studio Solution File, Format Version 12.00
# Visual Studio Version 17
VisualStudioVersion = 17.7.34202.233
MinimumVisualStudioVersion = 10.0.40219.1
Project("{00D1A9C2-B5F0-4AF3-8072-F6C62B433612}") = "DatabaseEpreuve", "DatabaseEpreuve\DatabaseEpreuve.sqlproj", "{1DB09068-C537-4A17-A0AC-CB715935DD22}"
EndProject
Project("{2150E333-8FDC-42A3-9474-1A3956D46DE8}") = "DAL", "DAL", "{500C6929-9F5E-4F7F-8599-5BDCF7EAD36D}"
EndProject
Project("{2150E333-8FDC-42A3-9474-1A3956D46DE8}") = "BLL", "BLL", "{BE9374A1-93CB-4C4A-915C-228F3633D3B4}"
EndProject
Project("{FAE04EC0-301F-11D3-BF4B-00C04F79EFBC}") = "Shared", "Shared\Shared.csproj", "{D198A6AA-03CC-42DD-8CB7-02357BF35890}"
EndProject
Project("{2150E333-8FDC-42A3-9474-1A3956D46DE8}") = "ASP", "ASP", "{CDB2398F-5820-4B3F-B476-C635EDEE5CE1}"
EndProject
Project("{FAE04EC0-301F-11D3-BF4B-00C04F79EFBC}") = "DAL-Epreuve", "DAL-Epreuve\DAL-Epreuve.csproj", "{3B04D88A-E159-4274-ACC6-73974B2091AF}"
EndProject
Project("{FAE04EC0-301F-11D3-BF4B-00C04F79EFBC}") = "BLL-Epreuve", "BLL-Epreuve\BLL-Epreuve.csproj", "{EA63CC8A-4B8E-4D80-BE4C-46958A5B4415}"
EndProject
Project("{FAE04EC0-301F-11D3-BF4B-00C04F79EFBC}") = "ASP-Epreuve", "ASP-Epreuve\ASP-Epreuve.csproj", "{C011BDD9-DDCF-480B-AA81-064A504AC6E1}"
EndProject
Global
	GlobalSection(SolutionConfigurationPlatforms) = preSolution
		Debug|Any CPU = Debug|Any CPU
		Release|Any CPU = Release|Any CPU
	EndGlobalSection
	GlobalSection(ProjectConfigurationPlatforms) = postSolution
		{1DB09068-C537-4A17-A0AC-CB715935DD22}.Debug|Any CPU.ActiveCfg = Debug|Any CPU
		{1DB09068-C537-4A17-A0AC-CB715935DD22}.Debug|Any CPU.Build.0 = Debug|Any CPU
		{1DB09068-C537-4A17-A0AC-CB715935DD22}.Debug|Any CPU.Deploy.0 = Debug|Any CPU
		{1DB09068-C537-4A17-A0AC-CB715935DD22}.Release|Any CPU.ActiveCfg = Release|Any CPU
		{1DB09068-C537-4A17-A0AC-CB715935DD22}.Release|Any CPU.Build.0 = Release|Any CPU
		{1DB09068-C537-4A17-A0AC-CB715935DD22}.Release|Any CPU.Deploy.0 = Release|Any CPU
		{D198A6AA-03CC-42DD-8CB7-02357BF35890}.Debug|Any CPU.ActiveCfg = Debug|Any CPU
		{D198A6AA-03CC-42DD-8CB7-02357BF35890}.Debug|Any CPU.Build.0 = Debug|Any CPU
		{D198A6AA-03CC-42DD-8CB7-02357BF35890}.Release|Any CPU.ActiveCfg = Release|Any CPU
		{D198A6AA-03CC-42DD-8CB7-02357BF35890}.Release|Any CPU.Build.0 = Release|Any CPU
		{3B04D88A-E159-4274-ACC6-73974B2091AF}.Debug|Any CPU.ActiveCfg = Debug|Any CPU
		{3B04D88A-E159-4274-ACC6-73974B2091AF}.Debug|Any CPU.Build.0 = Debug|Any CPU
		{3B04D88A-E159-4274-ACC6-73974B2091AF}.Release|Any CPU.ActiveCfg = Release|Any CPU
		{3B04D88A-E159-4274-ACC6-73974B2091AF}.Release|Any CPU.Build.0 = Release|Any CPU
		{EA63CC8A-4B8E-4D80-BE4C-46958A5B4415}.Debug|Any CPU.ActiveCfg = Debug|Any CPU
		{EA63CC8A-4B8E-4D80-BE4C-46958A5B4415}.Debug|Any CPU.Build.0 = Debug|Any CPU
		{EA63CC8A-4B8E-4D80-BE4C-46958A5B4415}.Release|Any CPU.ActiveCfg = Release|Any CPU
		{EA63CC8A-4B8E-4D80-BE4C-46958A5B4415}.Release|Any CPU.Build.0 = Release|Any CPU
		{C011BDD9-DDCF-480B-AA81-064A504AC6E1}.Debug|Any CPU.ActiveCfg = Debug|Any CPU
		{C011BDD9-DDCF-480B-AA81-064A504AC6E1}.Debug|Any CPU.Build.0 = Debug|Any CPU
		{C011BDD9-DDCF-480B-AA81-064A504AC6E1}.Release|Any CPU.ActiveCfg = Release|Any CPU
		{C011BDD9-DDCF-480B-AA81-064A504AC6E1}.Release|Any CPU.Build.0 = Release|Any CPU
	EndGlobalSection
	GlobalSection(SolutionProperties) = preSolution
		HideSolutionNode = FALSE
	EndGlobalSection
	GlobalSection(NestedProjects) = preSolution
		{3B04D88A-E159-4274-ACC6-73974B2091AF} = {500C6929-9F5E-4F7F-8599-5BDCF7EAD36D}
		{EA63CC8A-4B8E-4D80-BE4C-46958A5B4415} = {BE9374A1-93CB-4C4A-915C-228F3633D3B4}
		{C011BDD9-DDCF-480B-AA81-064A504AC6E1} = {CDB2398F-5820-4B3F-B476-C635EDEE5CE1}
	EndGlobalSection
	GlobalSection(ExtensibilityGlobals) = postSolution
		SolutionGuid = {1EC82016-200E-4367-8684-A52ADC06CF07}
	EndGlobalSection
EndGlobal
